{
  "nodes": {
    "darwin": {
      "inputs": {
        "nixpkgs": [
          "nixpkgs-unpatched"
        ]
      },
      "locked": {
        "lastModified": 1763505477,
        "narHash": "sha256-nJRd4LY2kT3OELfHqdgWjvToNZ4w+zKCMzS2R6z4sXE=",
        "owner": "lnl7",
        "repo": "nix-darwin",
        "rev": "3bda9f6b14161becbd07b3c56411f1670e19b9b5",
        "type": "github"
      },
      "original": {
        "owner": "lnl7",
        "ref": "master",
        "repo": "nix-darwin",
        "type": "github"
      }
    },
    "flake-compat": {
      "flake": false,
      "locked": {
        "lastModified": 1733328505,
        "narHash": "sha256-NeCCThCEP3eCl2l/+27kNNK7QrwZB1IJCrXfrbv5oqU=",
        "owner": "edolstra",
        "repo": "flake-compat",
        "rev": "ff81ac966bb2cae68946d5ed5fc4994f96d0ffec",
        "type": "github"
      },
      "original": {
        "owner": "edolstra",
        "repo": "flake-compat",
        "type": "github"
      }
    },
    "flake-parts": {
      "inputs": {
        "nixpkgs-lib": [
          "hl",
          "nixpkgs"
        ]
      },
      "locked": {
        "lastModified": 1762980239,
        "narHash": "sha256-8oNVE8TrD19ulHinjaqONf9QWCKK+w4url56cdStMpM=",
        "owner": "hercules-ci",
        "repo": "flake-parts",
        "rev": "52a2caecc898d0b46b2b905f058ccc5081f842da",
        "type": "github"
      },
      "original": {
        "owner": "hercules-ci",
        "repo": "flake-parts",
        "type": "github"
      }
    },
    "flake-parts_2": {
      "inputs": {
        "nixpkgs-lib": [
          "nix",
          "nixpkgs"
        ]
      },
      "locked": {
        "lastModified": 1733312601,
        "narHash": "sha256-4pDvzqnegAfRkPwO3wmwBhVi/Sye1mzps0zHWYnP88c=",
        "owner": "hercules-ci",
        "repo": "flake-parts",
        "rev": "205b12d8b7cd4802fbcb8e8ef6a0f1408781a4f9",
        "type": "github"
      },
      "original": {
        "owner": "hercules-ci",
        "repo": "flake-parts",
        "type": "github"
      }
    },
    "flake-parts_3": {
      "inputs": {
        "nixpkgs-lib": [
          "nixified-ai",
          "nixpkgs"
        ]
      },
      "locked": {
        "lastModified": 1733312601,
        "narHash": "sha256-4pDvzqnegAfRkPwO3wmwBhVi/Sye1mzps0zHWYnP88c=",
        "owner": "hercules-ci",
        "repo": "flake-parts",
        "rev": "205b12d8b7cd4802fbcb8e8ef6a0f1408781a4f9",
        "type": "github"
      },
      "original": {
        "owner": "hercules-ci",
        "repo": "flake-parts",
        "type": "github"
      }
    },
    "flake-parts_4": {
      "inputs": {
        "nixpkgs-lib": [
          "nixified-ai",
          "hercules-ci-effects",
          "nixpkgs"
        ]
      },
      "locked": {
        "lastModified": 1733312601,
        "narHash": "sha256-4pDvzqnegAfRkPwO3wmwBhVi/Sye1mzps0zHWYnP88c=",
        "owner": "hercules-ci",
        "repo": "flake-parts",
        "rev": "205b12d8b7cd4802fbcb8e8ef6a0f1408781a4f9",
        "type": "github"
      },
      "original": {
        "id": "flake-parts",
        "type": "indirect"
      }
    },
    "flake-parts_5": {
      "inputs": {
        "nixpkgs-lib": "nixpkgs-lib"
      },
      "locked": {
        "lastModified": 1762980239,
        "narHash": "sha256-8oNVE8TrD19ulHinjaqONf9QWCKK+w4url56cdStMpM=",
        "owner": "hercules-ci",
        "repo": "flake-parts",
        "rev": "52a2caecc898d0b46b2b905f058ccc5081f842da",
        "type": "github"
      },
      "original": {
        "owner": "hercules-ci",
        "repo": "flake-parts",
        "type": "github"
      }
    },
    "flake-utils": {
      "inputs": {
        "systems": "systems"
      },
      "locked": {
        "lastModified": 1731533236,
        "narHash": "sha256-l0KFg5HjrsfsO/JpG+r7fRrqm12kzFHyUHqHCVpMMbI=",
        "owner": "numtide",
        "repo": "flake-utils",
        "rev": "11707dc2f618dd54ca8739b309ec4fc024de578b",
        "type": "github"
      },
      "original": {
        "owner": "numtide",
        "repo": "flake-utils",
        "type": "github"
      }
    },
    "git-hooks-nix": {
      "inputs": {
        "flake-compat": [
          "nix"
        ],
        "gitignore": [
          "nix"
        ],
        "nixpkgs": [
          "nix",
          "nixpkgs"
        ],
        "nixpkgs-stable": [
          "nix",
          "nixpkgs"
        ]
      },
      "locked": {
        "lastModified": 1734279981,
        "narHash": "sha256-NdaCraHPp8iYMWzdXAt5Nv6sA3MUzlCiGiR586TCwo0=",
        "owner": "cachix",
        "repo": "git-hooks.nix",
        "rev": "aa9f40c906904ebd83da78e7f328cd8aeaeae785",
        "type": "github"
      },
      "original": {
        "owner": "cachix",
        "repo": "git-hooks.nix",
        "type": "github"
      }
    },
    "hercules-ci-effects": {
      "inputs": {
        "flake-parts": "flake-parts_4",
        "nixpkgs": [
          "nixified-ai",
          "nixpkgs"
        ]
      },
      "locked": {
        "lastModified": 1733333617,
        "narHash": "sha256-nMMQXREGvLOLvUa0ByhYFdaL0Jov0t1wzLbKjr05P2w=",
        "owner": "hercules-ci",
        "repo": "hercules-ci-effects",
        "rev": "56f8ea8d502c87cf62444bec4ee04512e8ea24ea",
        "type": "github"
      },
      "original": {
        "owner": "hercules-ci",
        "repo": "hercules-ci-effects",
        "type": "github"
      }
    },
    "hl": {
      "inputs": {
        "flake-parts": "flake-parts",
        "nixpkgs": "nixpkgs",
        "rust-overlay": "rust-overlay"
      },
      "locked": {
        "lastModified": 1763969749,
        "narHash": "sha256-ukSoa9IjIEjko/BxypbHd1goCnY97o/DPneAV8yk8M8=",
        "owner": "pamburus",
        "repo": "hl",
        "rev": "cbbdfed03daa30d11c37e71728ced54524d25d78",
        "type": "github"
      },
      "original": {
        "owner": "pamburus",
        "repo": "hl",
        "type": "github"
      }
    },
    "home-manager": {
      "inputs": {
        "nixpkgs": "nixpkgs_2"
      },
      "locked": {
        "lastModified": 1764075860,
        "narHash": "sha256-KYEIHCBBw+/lwKsJNRNoUxBB4ZY2LK0G0T8f+0i65q0=",
        "owner": "nix-community",
        "repo": "home-manager",
        "rev": "295d90e22d557ccc3049dc92460b82f372cd3892",
        "type": "github"
      },
      "original": {
        "owner": "nix-community",
        "ref": "master",
        "repo": "home-manager",
        "type": "github"
      }
    },
    "nix": {
      "inputs": {
        "flake-compat": "flake-compat",
        "flake-parts": "flake-parts_2",
        "git-hooks-nix": "git-hooks-nix",
        "nixpkgs": "nixpkgs_3",
        "nixpkgs-23-11": "nixpkgs-23-11",
        "nixpkgs-regression": "nixpkgs-regression"
      },
      "locked": {
        "lastModified": 1762807651,
        "narHash": "sha256-8QYnRyGOTm3h/Dp8I6HCmQzlO7C009Odqyp28pTWgcY=",
        "owner": "NixOS",
        "repo": "nix",
        "rev": "d7fc293353fce6cf4b785d23e6f7e73914f01283",
        "type": "github"
      },
      "original": {
        "owner": "NixOS",
        "ref": "2.32.4",
        "repo": "nix",
        "type": "github"
      }
    },
    "nixified-ai": {
      "inputs": {
        "flake-parts": "flake-parts_3",
        "hercules-ci-effects": "hercules-ci-effects",
        "nixpkgs": [
          "nixpkgs-unpatched"
        ]
      },
      "locked": {
        "lastModified": 1761469061,
        "narHash": "sha256-JeYQuRLnMJkO+i1J2Zx80r+zjA1C59vJvuRlBUjAIqM=",
        "owner": "nixified-ai",
        "repo": "flake",
        "rev": "b35ad969edb807534c22e428044b30762aa0dc08",
        "type": "github"
      },
      "original": {
        "owner": "nixified-ai",
        "repo": "flake",
        "type": "github"
      }
    },
    "nixpkgs": {
      "locked": {
        "lastModified": 1763622513,
        "narHash": "sha256-1jQnuyu82FpiSxowrF/iFK6Toh9BYprfDqfs4BB+19M=",
        "owner": "NixOS",
        "repo": "nixpkgs",
        "rev": "c58bc7f5459328e4afac201c5c4feb7c818d604b",
        "type": "github"
      },
      "original": {
        "owner": "NixOS",
        "ref": "nixos-25.05",
        "repo": "nixpkgs",
        "type": "github"
      }
    },
    "nixpkgs-23-11": {
      "locked": {
        "lastModified": 1717159533,
        "narHash": "sha256-oamiKNfr2MS6yH64rUn99mIZjc45nGJlj9eGth/3Xuw=",
        "owner": "NixOS",
        "repo": "nixpkgs",
        "rev": "a62e6edd6d5e1fa0329b8653c801147986f8d446",
        "type": "github"
      },
      "original": {
        "owner": "NixOS",
        "repo": "nixpkgs",
        "rev": "a62e6edd6d5e1fa0329b8653c801147986f8d446",
        "type": "github"
      }
    },
    "nixpkgs-lib": {
      "locked": {
        "lastModified": 1761765539,
        "narHash": "sha256-b0yj6kfvO8ApcSE+QmA6mUfu8IYG6/uU28OFn4PaC8M=",
        "owner": "nix-community",
        "repo": "nixpkgs.lib",
        "rev": "719359f4562934ae99f5443f20aa06c2ffff91fc",
        "type": "github"
      },
      "original": {
        "owner": "nix-community",
        "repo": "nixpkgs.lib",
        "type": "github"
      }
    },
    "nixpkgs-master": {
      "locked": {
        "lastModified": 1764115787,
        "narHash": "sha256-/RiSFFx0/pm5c3XAoAMIdIocEG43NCaCM8gn9KuAdlI=",
        "owner": "NixOS",
        "repo": "nixpkgs",
        "rev": "f087502faa7cd5fc268327cb7092e0383c65fa71",
        "type": "github"
      },
      "original": {
        "owner": "NixOS",
        "ref": "master",
        "repo": "nixpkgs",
        "type": "github"
      }
    },
    "nixpkgs-regression": {
      "locked": {
        "lastModified": 1643052045,
        "narHash": "sha256-uGJ0VXIhWKGXxkeNnq4TvV3CIOkUJ3PAoLZ3HMzNVMw=",
        "owner": "NixOS",
        "repo": "nixpkgs",
        "rev": "215d4d0fd80ca5163643b03a33fde804a29cc1e2",
        "type": "github"
      },
      "original": {
        "owner": "NixOS",
        "repo": "nixpkgs",
        "rev": "215d4d0fd80ca5163643b03a33fde804a29cc1e2",
        "type": "github"
      }
    },
    "nixpkgs-stable": {
      "locked": {
        "lastModified": 1763948260,
        "narHash": "sha256-dY9qLD0H0zOUgU3vWacPY6Qc421BeQAfm8kBuBtPVE0=",
        "owner": "NixOS",
        "repo": "nixpkgs",
        "rev": "1c8ba8d3f7634acac4a2094eef7c32ad9106532c",
        "type": "github"
      },
      "original": {
        "owner": "NixOS",
        "ref": "nixos-25.05",
        "repo": "nixpkgs",
        "type": "github"
      }
    },
    "nixpkgs-unpatched": {
      "locked": {
        "lastModified": 1764115787,
        "narHash": "sha256-/RiSFFx0/pm5c3XAoAMIdIocEG43NCaCM8gn9KuAdlI=",
        "owner": "NixOS",
        "repo": "nixpkgs",
        "rev": "f087502faa7cd5fc268327cb7092e0383c65fa71",
        "type": "github"
      },
      "original": {
        "owner": "NixOS",
        "ref": "master",
        "repo": "nixpkgs",
        "type": "github"
      }
    },
    "nixpkgs_2": {
      "locked": {
        "lastModified": 1763678758,
        "narHash": "sha256-+hBiJ+kG5IoffUOdlANKFflTT5nO3FrrR2CA3178Y5s=",
        "owner": "NixOS",
        "repo": "nixpkgs",
        "rev": "117cc7f94e8072499b0a7aa4c52084fa4e11cc9b",
        "type": "github"
      },
      "original": {
        "owner": "NixOS",
        "ref": "nixos-unstable",
        "repo": "nixpkgs",
        "type": "github"
      }
    },
    "nixpkgs_3": {
      "locked": {
        "lastModified": 1761597516,
        "narHash": "sha256-wxX7u6D2rpkJLWkZ2E932SIvDJW8+ON/0Yy8+a5vsDU=",
        "owner": "NixOS",
        "repo": "nixpkgs",
        "rev": "daf6dc47aa4b44791372d6139ab7b25269184d55",
        "type": "github"
      },
      "original": {
        "owner": "NixOS",
        "ref": "nixos-25.05",
        "repo": "nixpkgs",
        "type": "github"
      }
    },
    "nixpkgs_4": {
      "locked": {
        "lastModified": 1763283776,
        "narHash": "sha256-Y7TDFPK4GlqrKrivOcsHG8xSGqQx3A6c+i7novT85Uk=",
        "owner": "NixOS",
        "repo": "nixpkgs",
        "rev": "50a96edd8d0db6cc8db57dab6bb6d6ee1f3dc49a",
        "type": "github"
      },
      "original": {
        "owner": "NixOS",
        "ref": "nixos-unstable",
        "repo": "nixpkgs",
        "type": "github"
      }
    },
    "quadlet-nix": {
      "locked": {
        "lastModified": 1763141753,
        "narHash": "sha256-XAHkOkLEWbRQZ6t/SowwOukrUfIneNQOC/UEQlTaPBU=",
        "owner": "SEIAROTg",
        "repo": "quadlet-nix",
        "rev": "211b5c626cf9ea91403b510e2ac5ca03a7194566",
        "type": "github"
      },
      "original": {
        "owner": "SEIAROTg",
        "repo": "quadlet-nix",
        "type": "github"
      }
    },
    "root": {
      "inputs": {
        "darwin": "darwin",
        "flake-utils": "flake-utils",
        "hl": "hl",
        "home-manager": "home-manager",
        "nix": "nix",
        "nixified-ai": "nixified-ai",
        "nixpkgs-master": "nixpkgs-master",
        "nixpkgs-stable": "nixpkgs-stable",
        "nixpkgs-unpatched": "nixpkgs-unpatched",
        "quadlet-nix": "quadlet-nix",
        "strace_macos": "strace_macos"
      }
    },
    "rust-overlay": {
      "inputs": {
        "nixpkgs": [
          "hl",
          "nixpkgs"
        ]
      },
      "locked": {
        "lastModified": 1763692705,
        "narHash": "sha256-tCKCyMYU0Vy+ph/xswlNsYXXjnFVweWBV+ew/5FS9tA=",
        "owner": "oxalica",
        "repo": "rust-overlay",
        "rev": "6fbf5d328dce1828d887b8ee7d44a785196a34e7",
        "type": "github"
      },
      "original": {
        "owner": "oxalica",
        "repo": "rust-overlay",
        "type": "github"
      }
    },
    "strace_macos": {
      "inputs": {
        "flake-parts": "flake-parts_5",
        "nixpkgs": "nixpkgs_4",
        "treefmt-nix": "treefmt-nix"
      },
      "locked": {
        "lastModified": 1764115561,
        "narHash": "sha256-K9+8eG/yGySrVpYWzA/TZ8CTqdmx24QDW+VLRrQtiiA=",
        "owner": "Mic92",
        "repo": "strace-macos",
        "rev": "3b541b71016371a6b49ebfc13c83943353f67ead",
        "type": "github"
      },
      "original": {
        "owner": "Mic92",
        "repo": "strace-macos",
        "type": "github"
      }
    },
    "systems": {
      "locked": {
        "lastModified": 1681028828,
        "narHash": "sha256-Vy1rq5AaRuLzOxct8nz4T6wlgyUR7zLU309k9mBC768=",
        "owner": "nix-systems",
        "repo": "default",
        "rev": "da67096a3b9bf56a91d16901293e51ba5b49a27e",
        "type": "github"
      },
      "original": {
        "owner": "nix-systems",
        "repo": "default",
        "type": "github"
      }
    },
    "treefmt-nix": {
      "inputs": {
        "nixpkgs": [
          "strace_macos",
          "nixpkgs"
        ]
      },
      "locked": {
        "lastModified": 1762938485,
        "narHash": "sha256-AlEObg0syDl+Spi4LsZIBrjw+snSVU4T8MOeuZJUJjM=",
        "owner": "numtide",
        "repo": "treefmt-nix",
        "rev": "5b4ee75aeefd1e2d5a1cc43cf6ba65eba75e83e4",
        "type": "github"
      },
      "original": {
        "owner": "numtide",
        "repo": "treefmt-nix",
        "type": "github"
      }
    }
  },
  "root": "root",
  "version": 7
}
