{
  "nodes": {
    "deploy-rs": {
      "inputs": {
        "flake-compat": "flake-compat",
        "naersk": "naersk",
        "nixpkgs": [
          "nixpkgs-head"
        ],
        "utils": "utils"
      },
      "locked": {
        "lastModified": 1612864896,
        "narHash": "sha256-pbsvxe05kAWJzPeC6fs4t0Mk8mTZs6u/WQDMBqoA5tA=",
        "owner": "serokell",
        "repo": "deploy-rs",
        "rev": "fecc7e723db40c7e056371467275186b3bbb9ef3",
        "type": "github"
      },
      "original": {
        "owner": "serokell",
        "repo": "deploy-rs",
        "type": "github"
      }
    },
    "doom-emacs": {
      "flake": false,
      "locked": {
        "lastModified": 1611017958,
        "narHash": "sha256-7UYJHbU4C+aV3x1xV+9gsyga4SNz+G8m2VFUVnetWMg=",
        "owner": "hlissner",
        "repo": "doom-emacs",
        "rev": "2ad1eab6eebbae554ebcd931c03b7f906a77f3ec",
        "type": "github"
      },
      "original": {
        "owner": "hlissner",
        "ref": "develop",
        "repo": "doom-emacs",
        "type": "github"
      }
    },
    "doom-snippets": {
      "flake": false,
      "locked": {
        "lastModified": 1609713949,
        "narHash": "sha256-mthIKcR7l9Du32eoBj7PkcW/nKceNMAASjDVEmWsgNY=",
        "owner": "hlissner",
        "repo": "doom-snippets",
        "rev": "aa5587b8c9863fcbb34e21d518ce1947ba4aeb22",
        "type": "github"
      },
      "original": {
        "owner": "hlissner",
        "repo": "doom-snippets",
        "type": "github"
      }
    },
    "emacs-overlay": {
      "locked": {
        "lastModified": 1612225292,
        "narHash": "sha256-5v7OqYwuipXUYnSdJqItDLQOsBjEWiAhQgeR+xBwYB4=",
        "owner": "nix-community",
        "repo": "emacs-overlay",
        "rev": "0110535f696476f842348d7317b108ccf7bea505",
        "type": "github"
      },
      "original": {
        "owner": "nix-community",
        "repo": "emacs-overlay",
        "type": "github"
      }
    },
    "emacs-so-long": {
      "flake": false,
      "locked": {
        "lastModified": 1575031854,
        "narHash": "sha256-xIa5zO0ZaToDrec1OFjBK6l39AbA4l/CE4LInVu2hi0=",
        "owner": "hlissner",
        "repo": "emacs-so-long",
        "rev": "ed666b0716f60e8988c455804de24b55919e71ca",
        "type": "github"
      },
      "original": {
        "owner": "hlissner",
        "repo": "emacs-so-long",
        "type": "github"
      }
    },
    "evil-markdown": {
      "flake": false,
      "locked": {
        "lastModified": 1591038520,
        "narHash": "sha256-Kt2wxG1XCFowavVWtj0urM/yURKegonpZcxTy/+CrJY=",
        "owner": "Somelauw",
        "repo": "evil-markdown",
        "rev": "064fe9b4767470472356d20bdd08e2f30ebbc9ac",
        "type": "github"
      },
      "original": {
        "owner": "Somelauw",
        "repo": "evil-markdown",
        "type": "github"
      }
    },
    "evil-org-mode": {
      "flake": false,
      "locked": {
        "lastModified": 1607203864,
        "narHash": "sha256-JxwqVYDN6OIJEH15MVI6XOZAPtUWUhJQWHyzcrUvrFg=",
        "owner": "hlissner",
        "repo": "evil-org-mode",
        "rev": "a9706da260c45b98601bcd72b1d2c0a24a017700",
        "type": "github"
      },
      "original": {
        "owner": "hlissner",
        "repo": "evil-org-mode",
        "type": "github"
      }
    },
    "evil-quick-diff": {
      "flake": false,
      "locked": {
        "lastModified": 1575189609,
        "narHash": "sha256-oGzl1ayW9rIuq0haoiFS7RZsS8NFMdEA7K1BSozgnJU=",
        "owner": "rgrinberg",
        "repo": "evil-quick-diff",
        "rev": "69c883720b30a892c63bc89f49d4f0e8b8028908",
        "type": "github"
      },
      "original": {
        "owner": "rgrinberg",
        "repo": "evil-quick-diff",
        "type": "github"
      }
    },
    "explain-pause-mode": {
      "flake": false,
      "locked": {
        "lastModified": 1595842060,
        "narHash": "sha256-++znrjiDSx+cy4okFBBXUBkRFdtnE2x+trkmqjB3Njs=",
        "owner": "lastquestion",
        "repo": "explain-pause-mode",
        "rev": "2356c8c3639cbeeb9751744dbe737267849b4b51",
        "type": "github"
      },
      "original": {
        "owner": "lastquestion",
        "repo": "explain-pause-mode",
        "type": "github"
      }
    },
    "flake-compat": {
      "flake": false,
      "locked": {
        "lastModified": 1606424373,
        "narHash": "sha256-oq8d4//CJOrVj+EcOaSXvMebvuTkmBJuT5tzlfewUnQ=",
        "owner": "edolstra",
        "repo": "flake-compat",
        "rev": "99f1c2157fba4bfe6211a321fd0ee43199025dbf",
        "type": "github"
      },
      "original": {
        "owner": "edolstra",
        "repo": "flake-compat",
        "type": "github"
      }
    },
    "flake-compat_2": {
      "flake": false,
      "locked": {
        "lastModified": 1606424373,
        "narHash": "sha256-oq8d4//CJOrVj+EcOaSXvMebvuTkmBJuT5tzlfewUnQ=",
        "owner": "edolstra",
        "repo": "flake-compat",
        "rev": "99f1c2157fba4bfe6211a321fd0ee43199025dbf",
        "type": "github"
      },
      "original": {
        "owner": "edolstra",
        "repo": "flake-compat",
        "type": "github"
      }
    },
    "flake-utils": {
      "locked": {
        "lastModified": 1610051610,
        "narHash": "sha256-U9rPz/usA1/Aohhk7Cmc2gBrEEKRzcW4nwPWMPwja4Y=",
        "owner": "numtide",
        "repo": "flake-utils",
        "rev": "3982c9903e93927c2164caa727cd3f6a0e6d14cc",
        "type": "github"
      },
      "original": {
        "owner": "numtide",
        "repo": "flake-utils",
        "type": "github"
      }
    },
    "flake-utils_2": {
      "locked": {
        "lastModified": 1610051610,
        "narHash": "sha256-U9rPz/usA1/Aohhk7Cmc2gBrEEKRzcW4nwPWMPwja4Y=",
        "owner": "numtide",
        "repo": "flake-utils",
        "rev": "3982c9903e93927c2164caa727cd3f6a0e6d14cc",
        "type": "github"
      },
      "original": {
        "owner": "numtide",
        "repo": "flake-utils",
        "type": "github"
      }
    },
    "flake-utils_3": {
      "locked": {
        "lastModified": 1610051610,
        "narHash": "sha256-U9rPz/usA1/Aohhk7Cmc2gBrEEKRzcW4nwPWMPwja4Y=",
        "owner": "numtide",
        "repo": "flake-utils",
        "rev": "3982c9903e93927c2164caa727cd3f6a0e6d14cc",
        "type": "github"
      },
      "original": {
        "owner": "numtide",
        "repo": "flake-utils",
        "type": "github"
      }
    },
    "flake-utils_4": {
      "locked": {
        "lastModified": 1610051610,
        "narHash": "sha256-U9rPz/usA1/Aohhk7Cmc2gBrEEKRzcW4nwPWMPwja4Y=",
        "owner": "numtide",
        "repo": "flake-utils",
        "rev": "3982c9903e93927c2164caa727cd3f6a0e6d14cc",
        "type": "github"
      },
      "original": {
        "owner": "numtide",
        "repo": "flake-utils",
        "type": "github"
      }
    },
    "flake-utils_5": {
      "locked": {
        "lastModified": 1609246779,
        "narHash": "sha256-eq6ZXE/VWo3EMC65jmIT6H/rrUc9UWOWVujkzav025k=",
        "owner": "numtide",
        "repo": "flake-utils",
        "rev": "08c7ad4a0844adc4a7f9f5bb3beae482e789afa4",
        "type": "github"
      },
      "original": {
        "owner": "numtide",
        "repo": "flake-utils",
        "type": "github"
      }
    },
    "gitignore": {
      "flake": false,
      "locked": {
        "lastModified": 1611672876,
        "narHash": "sha256-qHu3uZ/o9jBHiA3MEKHJ06k7w4heOhA+4HCSIvflRxo=",
        "owner": "hercules-ci",
        "repo": "gitignore.nix",
        "rev": "211907489e9f198594c0eb0ca9256a1949c9d412",
        "type": "github"
      },
      "original": {
        "owner": "hercules-ci",
        "repo": "gitignore.nix",
        "type": "github"
      }
    },
    "gytis-overlay": {
      "inputs": {
        "home-manager": "home-manager",
        "ion": "ion",
        "master": [
          "nixpkgs-head"
        ],
        "neovim": "neovim",
        "nix-ld": "nix-ld",
        "nixpkgs": [
          "nixpkgs-head"
        ],
        "nixpkgs-mozilla": "nixpkgs-mozilla",
        "nur": "nur",
        "podman": "podman",
        "sops": "sops"
      },
      "locked": {
        "lastModified": 1613321021,
        "narHash": "sha256-p7eBVJ+C/ZeSBgVChMnL5MF+uUE1tY+pubwKg3MCwo4=",
        "owner": "gytis-ivaskevicius",
        "repo": "nixfiles",
        "rev": "d0e3fa03f4e4d88c6abda37c89511a963d0b29bf",
        "type": "github"
      },
      "original": {
        "owner": "gytis-ivaskevicius",
        "repo": "nixfiles",
        "type": "github"
      }
    },
    "home-manager": {
      "inputs": {
        "nixpkgs": [
          "nixpkgs"
        ]
      },
      "locked": {
        "lastModified": 1613153184,
        "narHash": "sha256-9ZIBmZuEjcxWON6zeEzCUfobTf/WTVQVOdg3gyNfhTw=",
        "owner": "nix-community",
        "repo": "home-manager",
        "rev": "1ee1d01daa19b3a6d16b5fb680c31a2bc110ce24",
        "type": "github"
      },
      "original": {
        "owner": "nix-community",
        "ref": "master",
        "repo": "home-manager",
        "type": "github"
      }
    },
    "home-manager_2": {
      "inputs": {
        "nixpkgs": [
          "nixpkgs"
        ]
      },
      "locked": {
        "lastModified": 1611323638,
        "narHash": "sha256-+7wm2RH82NYTZjzl0Nw+8E4yyXqVp/6xPdPWHAQXlt8=",
        "owner": "nix-community",
        "repo": "home-manager",
        "rev": "91bd34620d73340be03642279ee0d1c64110ee6c",
        "type": "github"
      },
      "original": {
        "owner": "nix-community",
        "ref": "release-20.09",
        "repo": "home-manager",
        "type": "github"
      }
    },
    "ion": {
      "flake": false,
      "locked": {
        "lastModified": 1611418407,
        "narHash": "sha256-JrJeY+dPkczqwkKcLqQiXsyLYkVe8bX7/IFiEpXfQSs=",
        "owner": "redox-os",
        "repo": "ion",
        "rev": "c2bf1a3fc562d577a3f39eb203abe8a024dd3478",
        "type": "github"
      },
      "original": {
        "owner": "redox-os",
        "repo": "ion",
        "type": "github"
      }
    },
    "master": {
      "locked": {
        "lastModified": 1613320561,
        "narHash": "sha256-8O18ijYnMtY4vcTcwEqWPuWLXJXfvFBGy7G0f65eytw=",
        "owner": "NixOS",
        "repo": "nixpkgs",
        "rev": "9ca975fa8b9ce2b01be2c55a8655efc7bf1fd92c",
        "type": "github"
      },
      "original": {
        "id": "nixpkgs",
        "ref": "master",
        "type": "indirect"
      }
    },
    "naersk": {
      "inputs": {
        "nixpkgs": [
          "nixpkgs"
        ]
      },
      "locked": {
        "lastModified": 1610392286,
        "narHash": "sha256-3wFl5y+4YZO4SgRYK8WE7JIS3p0sxbgrGaQ6RMw+d98=",
        "owner": "nmattia",
        "repo": "naersk",
        "rev": "d7bfbad3304fd768c0f93a4c3b50976275e6d4be",
        "type": "github"
      },
      "original": {
        "owner": "nmattia",
        "ref": "master",
        "repo": "naersk",
        "type": "github"
      }
    },
    "neovim": {
      "inputs": {
        "flake-utils": "flake-utils",
        "nixpkgs": [
          "master"
        ]
      },
      "locked": {
        "dir": "contrib",
        "lastModified": 1613101058,
        "narHash": "sha256-ig/8Ftl0evuENPYTaFg7BSWJaWwoojXMnsmyrWL31z0=",
        "owner": "neovim",
        "repo": "neovim",
        "rev": "52397aaa0d1e2d4ce1320c73761cf316fc608ffb",
        "type": "github"
      },
      "original": {
        "dir": "contrib",
        "owner": "neovim",
        "repo": "neovim",
        "type": "github"
      }
    },
    "neovim-nightly": {
      "flake": false,
      "locked": {
        "lastModified": 1612152215,
        "narHash": "sha256-LDQwdodi5XG7EmteeVJU+C2DVw845QUzZFp/pvBLxRQ=",
        "owner": "neovim",
        "repo": "neovim",
        "rev": "cc1851c9fdd6d777338bea2272d2a02c8baa0fb1",
        "type": "github"
      },
      "original": {
        "owner": "neovim",
        "repo": "neovim",
        "type": "github"
      }
    },
    "neovim-nightly-overlay": {
      "inputs": {
        "flake-compat": "flake-compat_2",
        "flake-utils": "flake-utils_2",
        "gitignore": "gitignore",
        "neovim-nightly": "neovim-nightly",
        "nixpkgs": [
          "nixpkgs-head"
        ],
        "pre-commit-hooks": "pre-commit-hooks"
      },
      "locked": {
        "lastModified": 1612167244,
        "narHash": "sha256-VwilqaVhkzkjW6Zrqv8DMJtor9LtEuag1gtFDUayIJ8=",
        "owner": "nix-community",
        "repo": "neovim-nightly-overlay",
        "rev": "e6b586b55f5f9aaa238aef631f7ee7200637f251",
        "type": "github"
      },
      "original": {
        "owner": "nix-community",
        "repo": "neovim-nightly-overlay",
        "type": "github"
      }
    },
    "nix-doom-emacs": {
      "inputs": {
        "doom-emacs": "doom-emacs",
        "doom-snippets": "doom-snippets",
        "emacs-overlay": [
          "emacs-overlay"
        ],
        "emacs-so-long": "emacs-so-long",
        "evil-markdown": "evil-markdown",
        "evil-org-mode": "evil-org-mode",
        "evil-quick-diff": "evil-quick-diff",
        "explain-pause-mode": "explain-pause-mode",
        "flake-utils": "flake-utils_3",
        "nix-straight": "nix-straight",
        "nixpkgs": [
          "nixpkgs"
        ],
        "nose": "nose",
        "ob-racket": "ob-racket",
        "org-mode": "org-mode",
        "org-yt": "org-yt",
        "php-extras": "php-extras",
        "revealjs": "revealjs",
        "rotate-text": "rotate-text"
      },
      "locked": {
        "lastModified": 1611420622,
        "narHash": "sha256-vuXlZBjvuCrBuPXTBnTt4oZYKNkwOWR2f7WhrjYLwNY=",
        "owner": "vlaci",
        "repo": "nix-doom-emacs",
        "rev": "b182af7d10aa8394f12ecc2c53fd942fa30de060",
        "type": "github"
      },
      "original": {
        "owner": "vlaci",
        "repo": "nix-doom-emacs",
        "type": "github"
      }
    },
    "nix-dram": {
      "inputs": {
        "flake-utils": "flake-utils_4",
        "nixpkgs": [
          "nixpkgs-head"
        ]
      },
      "locked": {
        "lastModified": 1612389345,
        "narHash": "sha256-MM8LUfEv6d4F7TKWYTySzWD44sNAnaJfg5t7v6oAMqc=",
        "owner": "dramforever",
        "repo": "nix-dram",
        "rev": "3cb02ece90aab18a86efa8cc2838070d3385e474",
        "type": "github"
      },
      "original": {
        "owner": "dramforever",
        "repo": "nix-dram",
        "type": "github"
      }
    },
    "nix-ld": {
      "inputs": {
        "nixpkgs": [
          "nixpkgs"
        ],
        "utils": "utils_2"
      },
      "locked": {
        "lastModified": 1610964107,
        "narHash": "sha256-HMFJReWLahew+CYA7VQKgcbVHv20ScqIEangISq1i88=",
        "owner": "Mic92",
        "repo": "nix-ld",
        "rev": "a1da7bc40e883617f0674d4dec5a9d1cbc043fb2",
        "type": "github"
      },
      "original": {
        "owner": "Mic92",
        "repo": "nix-ld",
        "type": "github"
      }
    },
    "nix-straight": {
      "flake": false,
      "locked": {
        "lastModified": 1592852066,
        "narHash": "sha256-IwmBDtGv7GamiwCG+awZN6VgtHqJElkv/ic0VrVXAkI=",
        "owner": "vlaci",
        "repo": "nix-straight.el",
        "rev": "9e6f7d71760b997b09d9bd3046257bc9ec17265b",
        "type": "github"
      },
      "original": {
        "owner": "vlaci",
        "ref": "v2.1.0",
        "repo": "nix-straight.el",
        "type": "github"
      }
    },
    "nixpkgs": {
      "locked": {
        "lastModified": 1612229122,
        "narHash": "sha256-JHAtsYlEo6mqBD5gAAARNY3GIWNVV/LnhxiTc7C/Cj0=",
        "owner": "NixOS",
        "repo": "nixpkgs",
        "rev": "abe7f45882090f7150d0289b1e381d0620f4a545",
        "type": "github"
      },
      "original": {
        "id": "nixpkgs",
        "ref": "release-20.09",
        "type": "indirect"
      }
    },
    "nixpkgs-head": {
      "locked": {
        "lastModified": 1612228983,
        "narHash": "sha256-pvFRlm38wULyLcJPuttrnEyuo7CD/rNeGNU2QZb01Ts=",
        "owner": "NixOS",
        "repo": "nixpkgs",
        "rev": "b67341749300331f587ef72f8aacb1dba4380ef6",
        "type": "github"
      },
      "original": {
        "id": "nixpkgs",
        "ref": "master",
        "type": "indirect"
      }
    },
    "nixpkgs-mozilla": {
      "flake": false,
      "locked": {
        "lastModified": 1603906276,
        "narHash": "sha256-RsNPnEKd7BcogwkqhaV5kI/HuNC4flH/OQCC/4W5y/8=",
        "owner": "mozilla",
        "repo": "nixpkgs-mozilla",
        "rev": "8c007b60731c07dd7a052cce508de3bb1ae849b4",
        "type": "github"
      },
      "original": {
        "owner": "mozilla",
        "repo": "nixpkgs-mozilla",
        "type": "github"
      }
    },
    "nose": {
      "flake": false,
      "locked": {
        "lastModified": 1400604510,
        "narHash": "sha256-daEi8Kta1oGaDEmUUDDQMahTTPOpvNpDKk22rlr7cB0=",
        "owner": "emacsattic",
        "repo": "nose",
        "rev": "f8528297519eba911696c4e68fa88892de9a7b72",
        "type": "github"
      },
      "original": {
        "owner": "emacsattic",
        "repo": "nose",
        "type": "github"
      }
    },
    "nur": {
      "locked": {
        "lastModified": 1613189604,
        "narHash": "sha256-XMt0B3ALPpDZTjo9QgQVf2r1FzOfIKyisc3Sq/yVtZU=",
        "owner": "nix-community",
        "repo": "NUR",
        "rev": "3e7a1ad1cdba1bcb704e63e9a58671585d593b97",
        "type": "github"
      },
      "original": {
        "owner": "nix-community",
        "repo": "NUR",
        "type": "github"
      }
    },
    "nyxt-overlay": {
      "inputs": {
        "nixpkgs": [
          "nixpkgs-head"
        ]
      },
      "locked": {
        "lastModified": 1612192300,
        "narHash": "sha256-ZmOdQvZKjd4iN7xJtdOJsY3StgX0VzQOCOOzubye/sU=",
        "owner": "atlas-engineer",
        "repo": "nyxt",
        "rev": "30c8b3959decee20104f89d07bb42d30adf057d5",
        "type": "github"
      },
      "original": {
        "owner": "atlas-engineer",
        "repo": "nyxt",
        "type": "github"
      }
    },
    "ob-racket": {
      "flake": false,
      "locked": {
        "lastModified": 1584656173,
        "narHash": "sha256-rBUYDDCXb+3D4xTPQo9UocbTPZ32kWV1Uya/1DmZknU=",
        "owner": "xchrishawk",
        "repo": "ob-racket",
        "rev": "83457ec9e1e96a29fd2086ed19432b9d75787673",
        "type": "github"
      },
      "original": {
        "owner": "xchrishawk",
        "repo": "ob-racket",
        "type": "github"
      }
    },
    "org-mode": {
      "flake": false,
      "locked": {
        "lastModified": 1611291947,
        "narHash": "sha256-wa0Z+y+T/AJEmdQYQX1rZADHhGU4mDqWBiC0j3JRPzY=",
        "owner": "emacs-straight",
        "repo": "org-mode",
        "rev": "3916a574063887f145af2e42667fb6478a065440",
        "type": "github"
      },
      "original": {
        "owner": "emacs-straight",
        "repo": "org-mode",
        "type": "github"
      }
    },
    "org-yt": {
      "flake": false,
      "locked": {
        "lastModified": 1527381913,
        "narHash": "sha256-dzQ6B7ryzatHCTLyEnRSbWO0VUiX/FHYnpHTs74aVUs=",
        "owner": "TobiasZawada",
        "repo": "org-yt",
        "rev": "40cc1ac76d741055cbefa13860d9f070a7ade001",
        "type": "github"
      },
      "original": {
        "owner": "TobiasZawada",
        "repo": "org-yt",
        "type": "github"
      }
    },
    "php-extras": {
      "flake": false,
      "locked": {
        "lastModified": 1573312690,
        "narHash": "sha256-r4WyVbzvT0ra4Z6JywNBOw5RxOEYd6Qe2IpebHXkj1U=",
        "owner": "arnested",
        "repo": "php-extras",
        "rev": "d410c5af663c30c01d461ac476d1cbfbacb49367",
        "type": "github"
      },
      "original": {
        "owner": "arnested",
        "repo": "php-extras",
        "type": "github"
      }
    },
    "podman": {
      "flake": false,
      "locked": {
        "lastModified": 1613175897,
        "narHash": "sha256-PxlZrbhhRVR8gcucCY+kiyQotcFWHtBg2gmGL/9VYoc=",
        "owner": "containers",
        "repo": "podman",
        "rev": "9d57aa75a5f22296b81cd37abe08660001971c4a",
        "type": "github"
      },
      "original": {
        "owner": "containers",
        "repo": "podman",
        "type": "github"
      }
    },
    "pre-commit-hooks": {
      "flake": false,
      "locked": {
        "lastModified": 1609781048,
        "narHash": "sha256-RTu4NDdAgwv83aFFJDnUkQFl/7giDSeEtQ/N17xxiXY=",
        "owner": "cachix",
        "repo": "pre-commit-hooks.nix",
        "rev": "c7e3896e35ceea480a7484ec1709be7bdda8849d",
        "type": "github"
      },
      "original": {
        "owner": "cachix",
        "repo": "pre-commit-hooks.nix",
        "type": "github"
      }
    },
    "revealjs": {
      "flake": false,
      "locked": {
        "lastModified": 1602496264,
        "narHash": "sha256-oN77CUmmvrzObhQbORXAujjb+4IkiYbKVLsi7hddsIM=",
        "owner": "hakimel",
        "repo": "reveal.js",
        "rev": "0582f57517c97a4c7bfeb58762138c78883f94c5",
        "type": "github"
      },
      "original": {
        "owner": "hakimel",
        "repo": "reveal.js",
        "type": "github"
      }
    },
    "root": {
      "inputs": {
        "deploy-rs": "deploy-rs",
        "emacs-overlay": "emacs-overlay",
        "gytis-overlay": "gytis-overlay",
        "home-manager": "home-manager_2",
        "master": "master",
        "neovim-nightly-overlay": "neovim-nightly-overlay",
        "nix-doom-emacs": "nix-doom-emacs",
        "nix-dram": "nix-dram",
        "nixpkgs": "nixpkgs",
        "nixpkgs-head": "nixpkgs-head",
        "nyxt-overlay": "nyxt-overlay",
        "rust-overlay": "rust-overlay",
        "sops-nix": "sops-nix"
      }
    },
    "rotate-text": {
      "flake": false,
      "locked": {
        "lastModified": 1322962747,
        "narHash": "sha256-SOeOgSlcEIsKhUiYDJv0p+mLUb420s9E2BmvZQvZ0wk=",
        "owner": "debug-ito",
        "repo": "rotate-text.el",
        "rev": "48f193697db996855aee1ad2bc99b38c6646fe76",
        "type": "github"
      },
      "original": {
        "owner": "debug-ito",
        "repo": "rotate-text.el",
        "type": "github"
      }
    },
    "rust-overlay": {
      "inputs": {
        "flake-utils": "flake-utils_5",
        "nixpkgs": [
          "nixpkgs-head"
        ]
      },
      "locked": {
        "lastModified": 1612233567,
        "narHash": "sha256-xYP+K9uc/8t+CNzUKct46kAM+tsYoMVJ/huu1CKFDk4=",
        "owner": "oxalica",
        "repo": "rust-overlay",
        "rev": "9f87d22102d3fd4e79903ffaa1d501a35608b53d",
        "type": "github"
      },
      "original": {
        "owner": "oxalica",
        "repo": "rust-overlay",
        "type": "github"
      }
    },
    "sops": {
      "inputs": {
        "nixpkgs": [
          "nixpkgs"
        ]
      },
      "locked": {
        "lastModified": 1612860094,
        "narHash": "sha256-vOSnxAi8GRbHr5aspPinYdP13IRcLzlAi65ZVsGN/kk=",
        "owner": "Mic92",
        "repo": "sops-nix",
        "rev": "d578742590a40676e5ff12a9d04b883237166280",
        "type": "github"
      },
      "original": {
        "owner": "Mic92",
        "repo": "sops-nix",
        "type": "github"
      }
    },
    "sops-nix": {
      "inputs": {
        "nixpkgs": [
          "nixpkgs-head"
        ]
      },
      "locked": {
        "lastModified": 1612185044,
        "narHash": "sha256-wKyWimfpCvTO1+Go27eQrZGTL1YmbiI1giTJOPOpTlo=",
        "owner": "Mic92",
        "repo": "sops-nix",
        "rev": "4a8cb2bd5051cdce7767bc0ea817aedb3896462d",
        "type": "github"
      },
      "original": {
        "owner": "Mic92",
        "repo": "sops-nix",
        "type": "github"
      }
    },
    "utils": {
      "locked": {
        "lastModified": 1610051610,
        "narHash": "sha256-U9rPz/usA1/Aohhk7Cmc2gBrEEKRzcW4nwPWMPwja4Y=",
        "owner": "numtide",
        "repo": "flake-utils",
        "rev": "3982c9903e93927c2164caa727cd3f6a0e6d14cc",
        "type": "github"
      },
      "original": {
        "owner": "numtide",
        "repo": "flake-utils",
        "type": "github"
      }
    },
    "utils_2": {
      "locked": {
        "lastModified": 1610051610,
        "narHash": "sha256-U9rPz/usA1/Aohhk7Cmc2gBrEEKRzcW4nwPWMPwja4Y=",
        "owner": "numtide",
        "repo": "flake-utils",
        "rev": "3982c9903e93927c2164caa727cd3f6a0e6d14cc",
        "type": "github"
      },
      "original": {
        "owner": "numtide",
        "repo": "flake-utils",
        "type": "github"
      }
    }
  },
  "root": "root",
  "version": 7
}
