{
  "nodes": {
    "DSL": {
      "inputs": {
        "cmp-buffer": "cmp-buffer",
        "dracula-nvim": "dracula-nvim",
        "neovim": "neovim",
        "nix-bundler": "nix-bundler",
        "nix-utils": "nix-utils",
        "nixpkgs": "nixpkgs_6",
        "nvim-cmp": "nvim-cmp",
        "nvim-cmp-lsp": "nvim-cmp-lsp",
        "rnix-lsp": "rnix-lsp",
        "telescope-src": "telescope-src",
        "treesitter-context": "treesitter-context"
      },
      "locked": {
        "lastModified": 1640963363,
        "narHash": "sha256-wzNEsagZ6cYiwnN1xE37IulLHAQsO4ZmDnZZjc+91i8=",
        "owner": "DieracDelta",
        "repo": "nix2lua",
        "rev": "dcf7a75577e8b69723b0cbd40c2fcb43629ee42a",
        "type": "github"
      },
      "original": {
        "owner": "DieracDelta",
        "ref": "aarch64-darwin",
        "repo": "nix2lua",
        "type": "github"
      }
    },
    "alacritty": {
      "inputs": {
        "alacritty-ligature-src": "alacritty-ligature-src",
        "alacritty-src": "alacritty-src",
        "flake-utils": "flake-utils",
        "naersk": "naersk",
        "nixpkgs": "nixpkgs_2"
      },
      "locked": {
        "lastModified": 1645371028,
        "narHash": "sha256-0Q3YzliG1cWaUaVsfGGQtWdXOR9Hlo6Or9scsYGh+gg=",
        "owner": "zachcoyle",
        "repo": "alacritty-nightly",
        "rev": "648187a74d72ef91140b831c149272c39dfcc835",
        "type": "github"
      },
      "original": {
        "owner": "zachcoyle",
        "repo": "alacritty-nightly",
        "type": "github"
      }
    },
    "alacritty-ligature-src": {
      "flake": false,
      "locked": {
        "lastModified": 1612842776,
        "narHash": "sha256-1dGk4ORzMSUQhuKSt5Yo7rOJCJ5/folwPX2tLiu0suA=",
        "owner": "zenixls2",
        "repo": "alacritty",
        "rev": "3ed043046fc74f288d4c8fa7e4463dc201213500",
        "type": "github"
      },
      "original": {
        "owner": "zenixls2",
        "ref": "ligature",
        "repo": "alacritty",
        "type": "github"
      }
    },
    "alacritty-src": {
      "flake": false,
      "locked": {
        "lastModified": 1645136830,
        "narHash": "sha256-WkPN0bFG3gX3fXchb1tIIDxjZ1G/oJVoAIOASGnu6uY=",
        "owner": "alacritty",
        "repo": "alacritty",
        "rev": "4734b2b85073c775145bce1dd7deefd064003bda",
        "type": "github"
      },
      "original": {
        "owner": "alacritty",
        "repo": "alacritty",
        "type": "github"
      }
    },
    "blamer-nvim-src": {
      "flake": false,
      "locked": {
        "lastModified": 1637136495,
        "narHash": "sha256-etLCmzOMi7xjYc43ZBqjPnj2gqrrSbmtcKdw6eZT8rM=",
        "owner": "APZelos",
        "repo": "blamer.nvim",
        "rev": "f4eb22a9013642c411725fdda945ae45f8d93181",
        "type": "github"
      },
      "original": {
        "owner": "APZelos",
        "repo": "blamer.nvim",
        "type": "github"
      }
    },
    "blobs": {
      "flake": false,
      "locked": {
        "lastModified": 1604995301,
        "narHash": "sha256-wcLzgLec6SGJA8fx1OEN1yV/Py5b+U5iyYpksUY/yLw=",
        "owner": "simple-nixos-mailserver",
        "repo": "blobs",
        "rev": "2cccdf1ca48316f2cfd1c9a0017e8de5a7156265",
        "type": "gitlab"
      },
      "original": {
        "owner": "simple-nixos-mailserver",
        "repo": "blobs",
        "type": "gitlab"
      }
    },
    "cmp-buffer": {
      "flake": false,
      "locked": {
        "lastModified": 1637614482,
        "narHash": "sha256-FdWs15eTad4igwN5F5+CKxSMQi9eX07BXjM/HgTIURc=",
        "owner": "hrsh7th",
        "repo": "cmp-buffer",
        "rev": "a706dc69c49110038fe570e5c9c33d6d4f67015b",
        "type": "github"
      },
      "original": {
        "owner": "hrsh7th",
        "repo": "cmp-buffer",
        "type": "github"
      }
    },
    "cmp-buffer_2": {
      "flake": false,
      "locked": {
        "lastModified": 1641254550,
        "narHash": "sha256-LXNckOkSqRMFWJhBaPUm8el0SgTS2XPvg3N8CEwHLHw=",
        "owner": "hrsh7th",
        "repo": "cmp-buffer",
        "rev": "f83773e2f433a923997c5faad7ea689ec24d1785",
        "type": "github"
      },
      "original": {
        "owner": "hrsh7th",
        "repo": "cmp-buffer",
        "type": "github"
      }
    },
    "cmp-nvim-lsp": {
      "flake": false,
      "locked": {
        "lastModified": 1642242623,
        "narHash": "sha256-itlKrCBo8wMNBCknW+7INOyVmwbcwmkGLzpc2lvvqk4=",
        "owner": "hrsh7th",
        "repo": "cmp-nvim-lsp",
        "rev": "ebdfc204afb87f15ce3d3d3f5df0b8181443b5ba",
        "type": "github"
      },
      "original": {
        "owner": "hrsh7th",
        "repo": "cmp-nvim-lsp",
        "type": "github"
      }
    },
    "comment-nvim-src": {
      "flake": false,
      "locked": {
        "lastModified": 1643446427,
        "narHash": "sha256-OR40uiS5umEIpfjLyULhxg1B2ySSO5CPDJ5S8Ql6Mis=",
        "owner": "numToStr",
        "repo": "Comment.nvim",
        "rev": "22e71071d9473996563464fde19b108e5504f892",
        "type": "github"
      },
      "original": {
        "owner": "numToStr",
        "repo": "Comment.nvim",
        "type": "github"
      }
    },
    "darwin": {
      "inputs": {
        "nixpkgs": [
          "nixpkgs"
        ]
      },
      "locked": {
        "lastModified": 1645293039,
        "narHash": "sha256-PwdDu+SkX8dreeuJ/4av1sEluNZdrpdXv8JsRKKg1Yc=",
        "owner": "lnl7",
        "repo": "nix-darwin",
        "rev": "1df878b6f8351795a3bebfbe4fd2d02e1e8b29d6",
        "type": "github"
      },
      "original": {
        "owner": "lnl7",
        "ref": "master",
        "repo": "nix-darwin",
        "type": "github"
      }
    },
    "deepfry": {
      "inputs": {
        "nixpkgs": [
          "master"
        ]
      },
      "locked": {
        "lastModified": 1631568705,
        "narHash": "sha256-wib4KMLocwlk05U7RgzR3h0Z8JGTydfb+rE8i+GH4cs=",
        "owner": "DieracDelta",
        "repo": "deepfry",
        "rev": "94710093ef6e96f0dbba15301e42637269e52c34",
        "type": "github"
      },
      "original": {
        "owner": "DieracDelta",
        "repo": "deepfry",
        "type": "github"
      }
    },
    "deploy-rs": {
      "inputs": {
        "flake-compat": "flake-compat",
        "nixpkgs": [
          "master"
        ],
        "utils": "utils"
      },
      "locked": {
        "lastModified": 1643787431,
        "narHash": "sha256-8IwuVgXulRE3ZWq6z8mytarawC32pKPKR20EyDtSH+w=",
        "owner": "serokell",
        "repo": "deploy-rs",
        "rev": "4154ba1aaaf7333a916384c348d867d03b6f1409",
        "type": "github"
      },
      "original": {
        "owner": "serokell",
        "repo": "deploy-rs",
        "type": "github"
      }
    },
    "doom-emacs": {
      "flake": false,
      "locked": {
        "lastModified": 1626604817,
        "narHash": "sha256-z+dvjB02cHU+VQ5EMkzqSdX817PZar9AkmmfK27q0vo=",
        "owner": "hlissner",
        "repo": "doom-emacs",
        "rev": "46732c0adaef147144418f9f284ca6b1183ab96f",
        "type": "github"
      },
      "original": {
        "owner": "hlissner",
        "ref": "develop",
        "repo": "doom-emacs",
        "type": "github"
      }
    },
    "doom-snippets": {
      "flake": false,
      "locked": {
        "lastModified": 1625547004,
        "narHash": "sha256-V+ytAjB4ZZ+5dJJAu1OY7SbnqrokX5PVBWs0AsgQ8Vs=",
        "owner": "hlissner",
        "repo": "doom-snippets",
        "rev": "5c0eb5bd70f035cefb981c2ce64f4367498bdda6",
        "type": "github"
      },
      "original": {
        "owner": "hlissner",
        "repo": "doom-snippets",
        "type": "github"
      }
    },
    "dracula-nvim": {
      "flake": false,
      "locked": {
        "lastModified": 1637229908,
        "narHash": "sha256-0di1tr9b5A98ZzVN8m0DiF9yX+2BBbbqdZNv5V3mt8g=",
        "owner": "Mofiqul",
        "repo": "dracula.nvim",
        "rev": "b5adde8e2cba18e3c34b1af3fc5577ab3b6fcb77",
        "type": "github"
      },
      "original": {
        "owner": "Mofiqul",
        "repo": "dracula.nvim",
        "type": "github"
      }
    },
    "dracula-nvim_2": {
      "flake": false,
      "locked": {
        "lastModified": 1643281801,
        "narHash": "sha256-r1VhURChdutQFO9fiF+YV+MJycuj6xohTmR9DYpUFdk=",
        "owner": "Mofiqul",
        "repo": "dracula.nvim",
        "rev": "a219971291c56bcca3827cb7bd40aaaef23feeca",
        "type": "github"
      },
      "original": {
        "owner": "Mofiqul",
        "repo": "dracula.nvim",
        "type": "github"
      }
    },
    "emacs-overlay": {
      "locked": {
        "lastModified": 1645383769,
        "narHash": "sha256-WR+1rHjQtzfev9S2ToKXBuoCdyp5aYazfc1LSVL5oDs=",
        "owner": "nix-community",
        "repo": "emacs-overlay",
        "rev": "f73714211a3c1b0346d8b265f7b1e9f6251a2ab6",
        "type": "github"
      },
      "original": {
        "owner": "nix-community",
        "repo": "emacs-overlay",
        "type": "github"
      }
    },
    "emacs-so-long": {
      "flake": false,
      "locked": {
        "lastModified": 1575031854,
        "narHash": "sha256-xIa5zO0ZaToDrec1OFjBK6l39AbA4l/CE4LInVu2hi0=",
        "owner": "hlissner",
        "repo": "emacs-so-long",
        "rev": "ed666b0716f60e8988c455804de24b55919e71ca",
        "type": "github"
      },
      "original": {
        "owner": "hlissner",
        "repo": "emacs-so-long",
        "type": "github"
      }
    },
    "evil-markdown": {
      "flake": false,
      "locked": {
        "lastModified": 1626852210,
        "narHash": "sha256-HBBuZ1VWIn6kwK5CtGIvHM1+9eiNiKPH0GUsyvpUVN8=",
        "owner": "Somelauw",
        "repo": "evil-markdown",
        "rev": "8e6cc68af83914b2fa9fd3a3b8472573dbcef477",
        "type": "github"
      },
      "original": {
        "owner": "Somelauw",
        "repo": "evil-markdown",
        "type": "github"
      }
    },
    "evil-org-mode": {
      "flake": false,
      "locked": {
        "lastModified": 1607203864,
        "narHash": "sha256-JxwqVYDN6OIJEH15MVI6XOZAPtUWUhJQWHyzcrUvrFg=",
        "owner": "hlissner",
        "repo": "evil-org-mode",
        "rev": "a9706da260c45b98601bcd72b1d2c0a24a017700",
        "type": "github"
      },
      "original": {
        "owner": "hlissner",
        "repo": "evil-org-mode",
        "type": "github"
      }
    },
    "evil-quick-diff": {
      "flake": false,
      "locked": {
        "lastModified": 1575189609,
        "narHash": "sha256-oGzl1ayW9rIuq0haoiFS7RZsS8NFMdEA7K1BSozgnJU=",
        "owner": "rgrinberg",
        "repo": "evil-quick-diff",
        "rev": "69c883720b30a892c63bc89f49d4f0e8b8028908",
        "type": "github"
      },
      "original": {
        "owner": "rgrinberg",
        "repo": "evil-quick-diff",
        "type": "github"
      }
    },
    "explain-pause-mode": {
      "flake": false,
      "locked": {
        "lastModified": 1595842060,
        "narHash": "sha256-++znrjiDSx+cy4okFBBXUBkRFdtnE2x+trkmqjB3Njs=",
        "owner": "lastquestion",
        "repo": "explain-pause-mode",
        "rev": "2356c8c3639cbeeb9751744dbe737267849b4b51",
        "type": "github"
      },
      "original": {
        "owner": "lastquestion",
        "repo": "explain-pause-mode",
        "type": "github"
      }
    },
    "fidget-src": {
      "flake": false,
      "locked": {
        "lastModified": 1643322126,
        "narHash": "sha256-gi/8unP5e6W05OmHTiljLZGzrLVkqh0LBUu7k3L+Jfw=",
        "owner": "j-hui",
        "repo": "fidget.nvim",
        "rev": "6ec0e07d21b908802ae8a7b69b00d9c4acdd1955",
        "type": "github"
      },
      "original": {
        "owner": "j-hui",
        "repo": "fidget.nvim",
        "type": "github"
      }
    },
    "flake-compat": {
      "flake": false,
      "locked": {
        "lastModified": 1641205782,
        "narHash": "sha256-4jY7RCWUoZ9cKD8co0/4tFARpWB+57+r1bLLvXNJliY=",
        "owner": "edolstra",
        "repo": "flake-compat",
        "rev": "b7547d3eed6f32d06102ead8991ec52ab0a4f1a7",
        "type": "github"
      },
      "original": {
        "owner": "edolstra",
        "repo": "flake-compat",
        "type": "github"
      }
    },
    "flake-utils": {
      "locked": {
        "lastModified": 1644229661,
        "narHash": "sha256-1YdnJAsNy69bpcjuoKdOYQX0YxZBiCYZo4Twxerqv7k=",
        "owner": "numtide",
        "repo": "flake-utils",
        "rev": "3cecb5b042f7f209c56ffd8371b2711a290ec797",
        "type": "github"
      },
      "original": {
        "owner": "numtide",
        "repo": "flake-utils",
        "type": "github"
      }
    },
    "flake-utils_2": {
      "locked": {
        "lastModified": 1644229661,
        "narHash": "sha256-1YdnJAsNy69bpcjuoKdOYQX0YxZBiCYZo4Twxerqv7k=",
        "owner": "numtide",
        "repo": "flake-utils",
        "rev": "3cecb5b042f7f209c56ffd8371b2711a290ec797",
        "type": "github"
      },
      "original": {
        "owner": "numtide",
        "repo": "flake-utils",
        "type": "github"
      }
    },
    "flake-utils_3": {
      "locked": {
        "lastModified": 1629481132,
        "narHash": "sha256-JHgasjPR0/J1J3DRm4KxM4zTyAj4IOJY8vIl75v/kPI=",
        "owner": "numtide",
        "repo": "flake-utils",
        "rev": "997f7efcb746a9c140ce1f13c72263189225f482",
        "type": "github"
      },
      "original": {
        "owner": "numtide",
        "repo": "flake-utils",
        "type": "github"
      }
    },
    "flake-utils_4": {
      "locked": {
        "lastModified": 1623875721,
        "narHash": "sha256-A8BU7bjS5GirpAUv4QA+QnJ4CceLHkcXdRp4xITDB0s=",
        "owner": "numtide",
        "repo": "flake-utils",
        "rev": "f7e004a55b120c02ecb6219596820fcd32ca8772",
        "type": "github"
      },
      "original": {
        "owner": "numtide",
        "repo": "flake-utils",
        "type": "github"
      }
    },
    "flake-utils_5": {
      "locked": {
        "lastModified": 1642700792,
        "narHash": "sha256-XqHrk7hFb+zBvRg6Ghl+AZDq03ov6OshJLiSWOoX5es=",
        "owner": "numtide",
        "repo": "flake-utils",
        "rev": "846b2ae0fc4cc943637d3d1def4454213e203cba",
        "type": "github"
      },
      "original": {
        "owner": "numtide",
        "repo": "flake-utils",
        "type": "github"
      }
    },
    "flake-utils_6": {
      "locked": {
        "lastModified": 1629481132,
        "narHash": "sha256-JHgasjPR0/J1J3DRm4KxM4zTyAj4IOJY8vIl75v/kPI=",
        "owner": "numtide",
        "repo": "flake-utils",
        "rev": "997f7efcb746a9c140ce1f13c72263189225f482",
        "type": "github"
      },
      "original": {
        "owner": "numtide",
        "repo": "flake-utils",
        "type": "github"
      }
    },
    "flake-utils_7": {
      "locked": {
        "lastModified": 1634851050,
        "narHash": "sha256-N83GlSGPJJdcqhUxSCS/WwW5pksYf3VP1M13cDRTSVA=",
        "owner": "numtide",
        "repo": "flake-utils",
        "rev": "c91f3de5adaf1de973b797ef7485e441a65b8935",
        "type": "github"
      },
      "original": {
        "owner": "numtide",
        "repo": "flake-utils",
        "type": "github"
      }
    },
    "hls": {
      "inputs": {
        "nixpkgs": [
          "nixpkgs"
        ]
      },
      "locked": {
        "lastModified": 1637250802,
        "narHash": "sha256-/crlHEVB148PGQLZCsHOR9L5qgvCAfRSocIoKgmMAhA=",
        "owner": "jkachmar",
        "repo": "easy-hls-nix",
        "rev": "7c123399ef8a67dc0e505d9cf7f2c7f64f1cd847",
        "type": "github"
      },
      "original": {
        "owner": "jkachmar",
        "repo": "easy-hls-nix",
        "type": "github"
      }
    },
    "home-manager": {
      "inputs": {
        "nixpkgs": [
          "nixpkgs"
        ]
      },
      "locked": {
        "lastModified": 1645244400,
        "narHash": "sha256-o7KCd6ySFZ9/LbS62aTeuFmBWtP7Tt3Q3RcNjYgTgZU=",
        "owner": "nix-community",
        "repo": "home-manager",
        "rev": "0232fe1b75e6d7864fd82b5c72f6646f87838fc3",
        "type": "github"
      },
      "original": {
        "owner": "nix-community",
        "ref": "master",
        "repo": "home-manager",
        "type": "github"
      }
    },
    "lowdown-src": {
      "flake": false,
      "locked": {
        "lastModified": 1633514407,
        "narHash": "sha256-Dw32tiMjdK9t3ETl5fzGrutQTzh2rufgZV4A/BbxuD4=",
        "owner": "kristapsdz",
        "repo": "lowdown",
        "rev": "d2c2b44ff6c27b936ec27358a2653caaef8f73b8",
        "type": "github"
      },
      "original": {
        "owner": "kristapsdz",
        "repo": "lowdown",
        "type": "github"
      }
    },
    "mailserver": {
      "inputs": {
        "blobs": "blobs",
        "nixpkgs": [
          "master"
        ],
        "nixpkgs-21_05": "nixpkgs-21_05",
        "nixpkgs-21_11": "nixpkgs-21_11",
        "utils": [
          "flake-utils"
        ]
      },
      "locked": {
        "lastModified": 1645352973,
        "narHash": "sha256-ElqNrvfk8iGj6eQtziG7iIaRwx6300lm3n+4y7Y1apw=",
        "owner": "simple-nixos-mailserver",
        "repo": "nixos-mailserver",
        "rev": "665aa181e6a629482f85df46c58a2cc6e3998ded",
        "type": "gitlab"
      },
      "original": {
        "owner": "simple-nixos-mailserver",
        "repo": "nixos-mailserver",
        "type": "gitlab"
      }
    },
    "master": {
      "locked": {
        "lastModified": 1645394961,
        "narHash": "sha256-PRXMvkoYfFYu9ExbfKApDPANGnYADgDgk6Jsa0tsutg=",
        "owner": "NixOS",
        "repo": "nixpkgs",
        "rev": "bb247aaf101b6de04692cfcad7bc54a121ba5a27",
        "type": "github"
      },
      "original": {
        "owner": "NixOS",
        "ref": "master",
        "repo": "nixpkgs",
        "type": "github"
      }
    },
    "mutt-colors-solarized": {
      "flake": false,
      "locked": {
        "lastModified": 1301122944,
        "narHash": "sha256-UWQ4M3/4PsZzt3UZguy10WufXDOp7IKABzgVjkGNJNQ=",
        "owner": "altercation",
        "repo": "mutt-colors-solarized",
        "rev": "3b23c55eb43849975656dd89e3f35dacd2b93e69",
        "type": "github"
      },
      "original": {
        "owner": "altercation",
        "repo": "mutt-colors-solarized",
        "type": "github"
      }
    },
    "my-nvim": {
      "inputs": {
        "DSL": "DSL",
        "blamer-nvim-src": "blamer-nvim-src",
        "cmp-buffer": "cmp-buffer_2",
        "cmp-nvim-lsp": "cmp-nvim-lsp",
        "comment-nvim-src": "comment-nvim-src",
        "dracula-nvim": "dracula-nvim_2",
        "fidget-src": "fidget-src",
        "flake-utils": "flake-utils_5",
        "neogen-src": "neogen-src",
        "neovim": "neovim_2",
        "nix2vim": "nix2vim",
        "nixpkgs": [
          "master"
        ],
        "nvim-cmp": "nvim-cmp_2",
        "rnix-lsp": "rnix-lsp_2",
        "rust-tools-src": "rust-tools-src",
        "telescope-src": "telescope-src_2",
        "telescope-ui-select-src": "telescope-ui-select-src"
      },
      "locked": {
        "lastModified": 1645112584,
        "narHash": "sha256-KowyqEfntYSdX5B/fVB7H9barqrrjswIyXsUcwIuc/c=",
        "owner": "DieracDelta",
        "repo": "vimconf_talk",
        "rev": "c41beffca18918114c65a45369c48f6df60ff4ef",
        "type": "github"
      },
      "original": {
        "owner": "DieracDelta",
        "ref": "aarch64-darwin_5_ci",
        "repo": "vimconf_talk",
        "type": "github"
      }
    },
    "naersk": {
      "inputs": {
        "nixpkgs": "nixpkgs"
      },
      "locked": {
        "lastModified": 1639947939,
        "narHash": "sha256-pGsM8haJadVP80GFq4xhnSpNitYNQpaXk4cnA796Cso=",
        "owner": "nix-community",
        "repo": "naersk",
        "rev": "2fc8ce9d3c025d59fee349c1f80be9785049d653",
        "type": "github"
      },
      "original": {
        "owner": "nix-community",
        "repo": "naersk",
        "type": "github"
      }
    },
    "naersk_2": {
      "inputs": {
        "nixpkgs": "nixpkgs_7"
      },
      "locked": {
        "lastModified": 1629707199,
        "narHash": "sha256-sGxlmfp5eXL5sAMNqHSb04Zq6gPl+JeltIZ226OYN0w=",
        "owner": "nmattia",
        "repo": "naersk",
        "rev": "df71f5e4babda41cd919a8684b72218e2e809fa9",
        "type": "github"
      },
      "original": {
        "owner": "nmattia",
        "repo": "naersk",
        "type": "github"
      }
    },
    "naersk_3": {
      "inputs": {
        "nixpkgs": "nixpkgs_11"
      },
      "locked": {
        "lastModified": 1639947939,
        "narHash": "sha256-pGsM8haJadVP80GFq4xhnSpNitYNQpaXk4cnA796Cso=",
        "owner": "nix-community",
        "repo": "naersk",
        "rev": "2fc8ce9d3c025d59fee349c1f80be9785049d653",
        "type": "github"
      },
      "original": {
        "owner": "nix-community",
        "repo": "naersk",
        "type": "github"
      }
    },
    "naersk_4": {
      "inputs": {
        "nixpkgs": [
          "master"
        ]
      },
      "locked": {
        "lastModified": 1639947939,
        "narHash": "sha256-pGsM8haJadVP80GFq4xhnSpNitYNQpaXk4cnA796Cso=",
        "owner": "nmattia",
        "repo": "naersk",
        "rev": "2fc8ce9d3c025d59fee349c1f80be9785049d653",
        "type": "github"
      },
      "original": {
        "owner": "nmattia",
        "repo": "naersk",
        "type": "github"
      }
    },
    "neogen-src": {
      "flake": false,
      "locked": {
        "lastModified": 1643466410,
        "narHash": "sha256-o0FVNM639sEQxvQWUUUfXcDka5p747v52Bz0+6Q0/aI=",
        "owner": "danymat",
        "repo": "neogen",
        "rev": "10f5d4e5e5e3ab11147ebd3e843dcf94905f23b1",
        "type": "github"
      },
      "original": {
        "owner": "danymat",
        "repo": "neogen",
        "type": "github"
      }
    },
    "neovim": {
      "inputs": {
        "flake-utils": "flake-utils_3",
        "nixpkgs": "nixpkgs_3"
      },
      "locked": {
        "dir": "contrib",
        "lastModified": 1637944485,
        "narHash": "sha256-78FOxFL8UonKZbueovs3Qc55KkTjc5mbqwcKYI/lOqw=",
        "owner": "neovim",
        "repo": "neovim",
        "rev": "afbf89dc0120b1db5782a0bf807dc7c8db70ccf6",
        "type": "github"
      },
      "original": {
        "dir": "contrib",
        "owner": "neovim",
        "repo": "neovim",
        "type": "github"
      }
    },
    "neovim_2": {
      "inputs": {
        "flake-utils": "flake-utils_6",
        "nixpkgs": "nixpkgs_9"
      },
      "locked": {
        "dir": "contrib",
        "lastModified": 1640970141,
        "narHash": "sha256-0XCW047WopPr3pRTy9rF3Ff6MvNRHT4FletzOERD41A=",
        "owner": "neovim",
        "repo": "neovim",
        "rev": "5b839ced692230fe582fde41f79f875ee90451e8",
        "type": "github"
      },
      "original": {
        "dir": "contrib",
        "owner": "neovim",
        "ref": "5b839ced692230fe582fde41f79f875ee90451e8",
        "repo": "neovim",
        "type": "github"
      }
    },
    "nix": {
      "inputs": {
        "lowdown-src": "lowdown-src",
        "nixpkgs": "nixpkgs_13",
        "nixpkgs-regression": "nixpkgs-regression"
      },
      "locked": {
        "lastModified": 1645189081,
        "narHash": "sha256-yZA+07JTG9Z610DceiYyzm+C08yHhcIgfl/Cp7lY3ho=",
        "owner": "NixOS",
        "repo": "nix",
        "rev": "9bc03adbba5334663901c1136203bc07e4776be9",
        "type": "github"
      },
      "original": {
        "owner": "NixOS",
        "repo": "nix",
        "type": "github"
      }
    },
    "nix-bundler": {
      "inputs": {
        "nixpkgs": "nixpkgs_4"
      },
      "locked": {
        "lastModified": 1626704917,
        "narHash": "sha256-cJ73kxY5ZCPWQeQZyCSdvkBqjqJkU5wgETBNaXfqF18=",
        "owner": "matthewbauer",
        "repo": "nix-bundle",
        "rev": "223f4ffc4179aa318c34dc873a08cb00090db829",
        "type": "github"
      },
      "original": {
        "owner": "matthewbauer",
        "repo": "nix-bundle",
        "type": "github"
      }
    },
    "nix-doom-emacs": {
      "inputs": {
        "doom-emacs": "doom-emacs",
        "doom-snippets": "doom-snippets",
        "emacs-overlay": [
          "emacs-overlay"
        ],
        "emacs-so-long": "emacs-so-long",
        "evil-markdown": "evil-markdown",
        "evil-org-mode": "evil-org-mode",
        "evil-quick-diff": "evil-quick-diff",
        "explain-pause-mode": "explain-pause-mode",
        "flake-utils": [
          "flake-utils"
        ],
        "nix-straight": "nix-straight",
        "nixpkgs": [
          "nixpkgs"
        ],
        "nose": "nose",
        "ob-racket": "ob-racket",
        "org": "org",
        "org-contrib": "org-contrib",
        "org-yt": "org-yt",
        "php-extras": "php-extras",
        "revealjs": "revealjs",
        "rotate-text": "rotate-text"
      },
      "locked": {
        "lastModified": 1627398156,
        "narHash": "sha256-Ru1aV3NuIFXAsvUE3de8KR7xDZOo1GCBJdsWKJn+Ebw=",
        "owner": "vlaci",
        "repo": "nix-doom-emacs",
        "rev": "fee14d217b7a911aad507679dafbeaa8c1ebf5ff",
        "type": "github"
      },
      "original": {
        "owner": "vlaci",
        "repo": "nix-doom-emacs",
        "type": "github"
      }
    },
    "nix-fast-syntax-highlighting": {
      "flake": false,
      "locked": {
        "lastModified": 1636856829,
        "narHash": "sha256-x+4C2u03RueNo6/ZXsueqmYoPIpDHnKAZXP5IiKsidE=",
        "owner": "zdharma-continuum",
        "repo": "fast-syntax-highlighting",
        "rev": "585c089968caa1c904cbe926ff04a1be9e3d8f42",
        "type": "github"
      },
      "original": {
        "owner": "zdharma-continuum",
        "repo": "fast-syntax-highlighting",
        "type": "github"
      }
    },
    "nix-straight": {
      "flake": false,
      "locked": {
        "lastModified": 1621543597,
        "narHash": "sha256-E/m2Hrw2og//CfOCOWe2yapYC01Tqhozn4YMPYJsC3o=",
        "owner": "vlaci",
        "repo": "nix-straight.el",
        "rev": "8e84d04f10b2298de856b2b8b9a0d13abc91b5ca",
        "type": "github"
      },
      "original": {
        "owner": "vlaci",
        "ref": "v2.2.0",
        "repo": "nix-straight.el",
        "type": "github"
      }
    },
    "nix-utils": {
      "inputs": {
        "flake-utils": "flake-utils_4",
        "nixpkgs": "nixpkgs_5"
      },
      "locked": {
        "lastModified": 1629320623,
        "narHash": "sha256-9G8zo+0nfYAALV5umCyQR/2hVUFNH10JropBkyxZGGw=",
        "owner": "tomberek",
        "repo": "nix-utils",
        "rev": "484ffb709d32cfbf1c93df33fca5ce77f9a399da",
        "type": "github"
      },
      "original": {
        "owner": "tomberek",
        "repo": "nix-utils",
        "type": "github"
      }
    },
    "nix-zsh-shell-integration": {
      "flake": false,
      "locked": {
        "lastModified": 1628023704,
        "narHash": "sha256-WNa8RljYhkOWk7AZbdTOvYhWw1fR8PjFxH/tnUCbems=",
        "owner": "chisui",
        "repo": "zsh-nix-shell",
        "rev": "f8574f27e1d7772629c9509b2116d504798fe30a",
        "type": "github"
      },
      "original": {
        "owner": "chisui",
        "repo": "zsh-nix-shell",
        "type": "github"
      }
    },
    "nix2vim": {
      "inputs": {
        "flake-utils": "flake-utils_7",
        "nixpkgs": "nixpkgs_10"
      },
      "locked": {
        "lastModified": 1635494723,
        "narHash": "sha256-7+eJL+oFbCKFQmpkEtBCs5M9TYtrqCBzgip8iYBjezs=",
        "owner": "gytis-ivaskevicius",
        "repo": "nix2vim",
        "rev": "6b1d61f46aa1cda5959b47a9c3045d3e89f6aa24",
        "type": "github"
      },
      "original": {
        "owner": "gytis-ivaskevicius",
        "repo": "nix2vim",
        "type": "github"
      }
    },
    "nixpkgs": {
      "locked": {
        "lastModified": 1640959792,
        "narHash": "sha256-zYSR//06FU2TDOpKKj0Hkff6unsxk3NwwNFuB1loU6E=",
        "path": "/nix/store/bwvj37279glrmh4bipw0lw0dqgsl7gfi-source",
        "rev": "59bfda72480496f32787cec8c557182738b1bd3f",
        "type": "path"
      },
      "original": {
        "id": "nixpkgs",
        "type": "indirect"
      }
    },
    "nixpkgs-21_05": {
      "locked": {
        "lastModified": 1625692408,
        "narHash": "sha256-e9L3TLLDVIJpMnHtiNHJE62oOh6emRtSZ244bgYJUZs=",
        "owner": "NixOS",
        "repo": "nixpkgs",
        "rev": "c06613c25df3fe1dd26243847a3c105cf6770627",
        "type": "github"
      },
      "original": {
        "id": "nixpkgs",
        "ref": "nixos-21.05",
        "type": "indirect"
      }
    },
    "nixpkgs-21_11": {
      "locked": {
        "lastModified": 1638371214,
        "narHash": "sha256-0kE6KhgH7n0vyuX4aUoGsGIQOqjIx2fJavpCWtn73rc=",
        "owner": "NixOS",
        "repo": "nixpkgs",
        "rev": "a640d8394f34714578f3e6335fc767d0755d78f9",
        "type": "github"
      },
      "original": {
        "id": "nixpkgs",
        "ref": "nixos-21.11",
        "type": "indirect"
      }
    },
    "nixpkgs-regression": {
      "locked": {
        "lastModified": 1643052045,
        "narHash": "sha256-uGJ0VXIhWKGXxkeNnq4TvV3CIOkUJ3PAoLZ3HMzNVMw=",
        "owner": "NixOS",
        "repo": "nixpkgs",
        "rev": "215d4d0fd80ca5163643b03a33fde804a29cc1e2",
        "type": "github"
      },
      "original": {
        "id": "nixpkgs",
        "rev": "215d4d0fd80ca5163643b03a33fde804a29cc1e2",
        "type": "indirect"
      }
    },
    "nixpkgs_10": {
      "locked": {
        "lastModified": 1645394961,
        "narHash": "sha256-PRXMvkoYfFYu9ExbfKApDPANGnYADgDgk6Jsa0tsutg=",
        "owner": "NixOS",
        "repo": "nixpkgs",
        "rev": "bb247aaf101b6de04692cfcad7bc54a121ba5a27",
        "type": "github"
      },
      "original": {
        "owner": "NixOS",
        "repo": "nixpkgs",
        "type": "github"
      }
    },
    "nixpkgs_11": {
      "locked": {
        "lastModified": 1643322911,
        "narHash": "sha256-WLe4lXAYXH/v80iO02npX1wdXq4nIVEHJTONLXbQrL0=",
        "owner": "NixOS",
        "repo": "nixpkgs",
        "rev": "d9e21f284317f85b3476c0043f4efea87a226c3a",
        "type": "github"
      },
      "original": {
        "id": "nixpkgs",
        "type": "indirect"
      }
    },
    "nixpkgs_12": {
      "locked": {
        "lastModified": 1642190797,
        "narHash": "sha256-cxeEEAtfIACnm8sV1oz0xlNp9IVk10Fxcc09ggoEZuo=",
        "owner": "nixos",
        "repo": "nixpkgs",
        "rev": "3ddd960a3b575bf3230d0e59f42614b71f9e0db9",
        "type": "github"
      },
      "original": {
        "owner": "nixos",
        "ref": "nixos-21.11",
        "repo": "nixpkgs",
        "type": "github"
      }
    },
    "nixpkgs_13": {
      "locked": {
        "lastModified": 1632864508,
        "narHash": "sha256-d127FIvGR41XbVRDPVvozUPQ/uRHbHwvfyKHwEt5xFM=",
        "owner": "NixOS",
        "repo": "nixpkgs",
        "rev": "82891b5e2c2359d7e58d08849e4c89511ab94234",
        "type": "github"
      },
      "original": {
        "id": "nixpkgs",
        "ref": "nixos-21.05-small",
        "type": "indirect"
      }
    },
    "nixpkgs_14": {
      "locked": {
        "lastModified": 1645394961,
        "narHash": "sha256-PRXMvkoYfFYu9ExbfKApDPANGnYADgDgk6Jsa0tsutg=",
        "owner": "NixOS",
        "repo": "nixpkgs",
        "rev": "bb247aaf101b6de04692cfcad7bc54a121ba5a27",
        "type": "github"
      },
      "original": {
        "owner": "NixOS",
        "ref": "master",
        "repo": "nixpkgs",
        "type": "github"
      }
    },
    "nixpkgs_2": {
      "locked": {
        "lastModified": 1645013224,
        "narHash": "sha256-b7OEC8vwzJv3rsz9pwnTX2LQDkeOWz2DbKypkVvNHXc=",
        "owner": "nixos",
        "repo": "nixpkgs",
        "rev": "b66b39216b1fef2d8c33cc7a5c72d8da80b79970",
        "type": "github"
      },
      "original": {
        "owner": "nixos",
        "ref": "nixpkgs-unstable",
        "repo": "nixpkgs",
        "type": "github"
      }
    },
    "nixpkgs_3": {
      "locked": {
        "lastModified": 1643169865,
        "narHash": "sha256-+KIpNRazbc8Gac9jdWCKQkFv9bjceaLaLhlwqUEYu8c=",
        "owner": "nixos",
        "repo": "nixpkgs",
        "rev": "945ec499041db73043f745fad3b2a3a01e826081",
        "type": "github"
      },
      "original": {
        "owner": "nixos",
        "ref": "nixos-unstable",
        "repo": "nixpkgs",
        "type": "github"
      }
    },
    "nixpkgs_4": {
      "locked": {
        "lastModified": 1620055814,
        "narHash": "sha256-8LEHoYSJiL901bTMVatq+rf8y7QtWuZhwwpKE2fyaRY=",
        "owner": "NixOS",
        "repo": "nixpkgs",
        "rev": "1db42b7fe3878f3f5f7a4f2dc210772fd080e205",
        "type": "github"
      },
      "original": {
        "id": "nixpkgs",
        "ref": "nixos-20.03-small",
        "type": "indirect"
      }
    },
    "nixpkgs_5": {
      "locked": {
        "lastModified": 1643465054,
        "narHash": "sha256-Oi3lORUPt+y4onmXwDDq1BQLY7X9ZKX15lNUISuyXL4=",
        "owner": "nixos",
        "repo": "nixpkgs",
        "rev": "e303529d4077bbc6cd0d985f5b6ababc02de1633",
        "type": "github"
      },
      "original": {
        "owner": "nixos",
        "repo": "nixpkgs",
        "type": "github"
      }
    },
    "nixpkgs_6": {
      "locked": {
        "lastModified": 1637967717,
        "narHash": "sha256-PxrKuOkaUbt5USFdgrUoMc1Z4FTMuJLQn0uqlKwKuus=",
        "owner": "NixOS",
        "repo": "nixpkgs",
        "rev": "bcc1eba8086913106ec094994181cd73a1f9a212",
        "type": "github"
      },
      "original": {
        "owner": "NixOS",
        "ref": "master",
        "repo": "nixpkgs",
        "type": "github"
      }
    },
    "nixpkgs_7": {
      "locked": {
        "lastModified": 1643322911,
        "narHash": "sha256-WLe4lXAYXH/v80iO02npX1wdXq4nIVEHJTONLXbQrL0=",
        "owner": "NixOS",
        "repo": "nixpkgs",
        "rev": "d9e21f284317f85b3476c0043f4efea87a226c3a",
        "type": "github"
      },
      "original": {
        "id": "nixpkgs",
        "type": "indirect"
      }
    },
    "nixpkgs_8": {
      "locked": {
        "lastModified": 1642244250,
        "narHash": "sha256-vWpUEqQdVP4srj+/YLJRTN9vjpTs4je0cdWKXPbDItc=",
        "owner": "nixos",
        "repo": "nixpkgs",
        "rev": "0fd9ee1aa36ce865ad273f4f07fdc093adeb5c00",
        "type": "github"
      },
      "original": {
        "owner": "nixos",
        "ref": "nixos-21.05",
        "repo": "nixpkgs",
        "type": "github"
      }
    },
    "nixpkgs_9": {
      "locked": {
        "lastModified": 1644613700,
        "narHash": "sha256-wLRPJclMH8vsHuFtyI78aF09lw5mbi3lMB6uiK5S2wE=",
        "owner": "nixos",
        "repo": "nixpkgs",
        "rev": "23d785aa6f853e6cf3430119811c334025bbef55",
        "type": "github"
      },
      "original": {
        "owner": "nixos",
        "ref": "nixos-unstable",
        "repo": "nixpkgs",
        "type": "github"
      }
    },
    "nose": {
      "flake": false,
      "locked": {
        "lastModified": 1400604510,
        "narHash": "sha256-daEi8Kta1oGaDEmUUDDQMahTTPOpvNpDKk22rlr7cB0=",
        "owner": "emacsattic",
        "repo": "nose",
        "rev": "f8528297519eba911696c4e68fa88892de9a7b72",
        "type": "github"
      },
      "original": {
        "owner": "emacsattic",
        "repo": "nose",
        "type": "github"
      }
    },
    "nvim-cmp": {
      "flake": false,
      "locked": {
        "lastModified": 1637726224,
        "narHash": "sha256-hCPZiJCzeNre7z8e+/+HVOsg2TOPHk9o5kAtHW3rW9M=",
        "owner": "hrsh7th",
        "repo": "nvim-cmp",
        "rev": "2e4270d02843d15510b3549354e238788ca07ca5",
        "type": "github"
      },
      "original": {
        "owner": "hrsh7th",
        "repo": "nvim-cmp",
        "type": "github"
      }
    },
    "nvim-cmp-lsp": {
      "flake": false,
      "locked": {
        "lastModified": 1636543770,
        "narHash": "sha256-jLfW4xoYnEOWa7oWSmkB7vNxu9Jgttbme+nTiAC92so=",
        "owner": "hrsh7th",
        "repo": "cmp-nvim-lsp",
        "rev": "134117299ff9e34adde30a735cd8ca9cf8f3db81",
        "type": "github"
      },
      "original": {
        "owner": "hrsh7th",
        "repo": "cmp-nvim-lsp",
        "type": "github"
      }
    },
    "nvim-cmp_2": {
      "flake": false,
      "locked": {
        "lastModified": 1643095641,
        "narHash": "sha256-wF1LDVSozWZOGL9J01/rRVdx2JsTpaaKHxMufG+pxL4=",
        "owner": "hrsh7th",
        "repo": "nvim-cmp",
        "rev": "d93104244c3834fbd8f3dd01da9729920e0b5fe7",
        "type": "github"
      },
      "original": {
        "owner": "hrsh7th",
        "repo": "nvim-cmp",
        "type": "github"
      }
    },
    "ob-racket": {
      "flake": false,
      "locked": {
        "lastModified": 1584656173,
        "narHash": "sha256-rBUYDDCXb+3D4xTPQo9UocbTPZ32kWV1Uya/1DmZknU=",
        "owner": "xchrishawk",
        "repo": "ob-racket",
        "rev": "83457ec9e1e96a29fd2086ed19432b9d75787673",
        "type": "github"
      },
      "original": {
        "owner": "xchrishawk",
        "repo": "ob-racket",
        "type": "github"
      }
    },
    "org": {
      "flake": false,
      "locked": {
        "lastModified": 1627155762,
        "narHash": "sha256-XS1eA6P0ePabdrnUNe5lN19EA9dfK615gMGObr9wfBQ=",
        "owner": "emacs-straight",
        "repo": "org-mode",
        "rev": "c9dfed48a607c7f6524f1c6480f09cf61a5d6237",
        "type": "github"
      },
      "original": {
        "owner": "emacs-straight",
        "repo": "org-mode",
        "type": "github"
      }
    },
    "org-contrib": {
      "flake": false,
      "locked": {
        "lastModified": 1623339452,
        "narHash": "sha256-E3pioqkmAKQm5N7YsgJZil0/ozkdRE7//tE9FGbrluM=",
        "ref": "master",
        "rev": "fc81309cf6756607a836f93049a9393c2967c4e0",
        "revCount": 2599,
        "type": "git",
        "url": "https://git.sr.ht/~bzg/org-contrib"
      },
      "original": {
        "type": "git",
        "url": "https://git.sr.ht/~bzg/org-contrib"
      }
    },
    "org-yt": {
      "flake": false,
      "locked": {
        "lastModified": 1527381913,
        "narHash": "sha256-dzQ6B7ryzatHCTLyEnRSbWO0VUiX/FHYnpHTs74aVUs=",
        "owner": "TobiasZawada",
        "repo": "org-yt",
        "rev": "40cc1ac76d741055cbefa13860d9f070a7ade001",
        "type": "github"
      },
      "original": {
        "owner": "TobiasZawada",
        "repo": "org-yt",
        "type": "github"
      }
    },
    "php-extras": {
      "flake": false,
      "locked": {
        "lastModified": 1573312690,
        "narHash": "sha256-r4WyVbzvT0ra4Z6JywNBOw5RxOEYd6Qe2IpebHXkj1U=",
        "owner": "arnested",
        "repo": "php-extras",
        "rev": "d410c5af663c30c01d461ac476d1cbfbacb49367",
        "type": "github"
      },
      "original": {
        "owner": "arnested",
        "repo": "php-extras",
        "type": "github"
      }
    },
    "revealjs": {
      "flake": false,
      "locked": {
        "lastModified": 1625811744,
        "narHash": "sha256-Y67nVqcovn2PbHXmWOFWMq10Qz2ZIRyyWEO6qsZLbIM=",
        "owner": "hakimel",
        "repo": "reveal.js",
        "rev": "b18f12d964ef80bd9ffb061aae48ff4c15fb43ad",
        "type": "github"
      },
      "original": {
        "owner": "hakimel",
        "repo": "reveal.js",
        "type": "github"
      }
    },
    "rnix-lsp": {
      "inputs": {
        "naersk": "naersk_2",
        "nixpkgs": "nixpkgs_8",
        "utils": "utils_2"
      },
      "locked": {
        "lastModified": 1636977689,
        "narHash": "sha256-pQmAxKBoEhC851iRsowMErz9CYiJxGpARjhPeSapH1Y=",
        "owner": "nix-community",
        "repo": "rnix-lsp",
        "rev": "9462b0d20325a06f7e43b5a0469ec2c92e60f5fe",
        "type": "github"
      },
      "original": {
        "owner": "nix-community",
        "repo": "rnix-lsp",
        "type": "github"
      }
    },
    "rnix-lsp_2": {
      "inputs": {
        "naersk": "naersk_3",
        "nixpkgs": "nixpkgs_12",
        "utils": "utils_3"
      },
      "locked": {
        "lastModified": 1642460188,
        "narHash": "sha256-Kn4lBL+A9ESDW+sxBgzTHbGxys6y61LjcW1oHiVwcmk=",
        "owner": "Ma27",
        "repo": "rnix-lsp",
        "rev": "01b3623b49284d87a034676d3f4b298e495190dd",
        "type": "github"
      },
      "original": {
        "owner": "Ma27",
        "ref": "01b3623b49284d87a034676d3f4b298e495190dd",
        "repo": "rnix-lsp",
        "type": "github"
      }
    },
    "rnix-lsp_3": {
      "inputs": {
        "naersk": [
          "naersk"
        ],
        "nixpkgs": [
          "nixpkgs"
        ],
        "utils": [
          "flake-utils"
        ]
      },
      "locked": {
        "lastModified": 1643586450,
        "narHash": "sha256-BRIAc3+zavSlJPYSbov2n1W9/a4Iuh2swFPYRWjCm1g=",
        "owner": "nix-community",
        "repo": "rnix-lsp",
        "rev": "41eb2f3366e3f351bf2563c2a7c46fd17e78dfe0",
        "type": "github"
      },
      "original": {
        "owner": "nix-community",
        "repo": "rnix-lsp",
        "type": "github"
      }
    },
    "root": {
      "inputs": {
        "alacritty": "alacritty",
        "darwin": "darwin",
        "deepfry": "deepfry",
        "deploy-rs": "deploy-rs",
        "emacs-overlay": "emacs-overlay",
        "flake-utils": "flake-utils_2",
        "hls": "hls",
        "home-manager": "home-manager",
        "mailserver": "mailserver",
        "master": "master",
        "mutt-colors-solarized": "mutt-colors-solarized",
        "my-nvim": "my-nvim",
        "naersk": "naersk_4",
        "nix": "nix",
        "nix-doom-emacs": "nix-doom-emacs",
        "nix-fast-syntax-highlighting": "nix-fast-syntax-highlighting",
        "nix-zsh-shell-integration": "nix-zsh-shell-integration",
        "nixpkgs": "nixpkgs_14",
        "rnix-lsp": "rnix-lsp_3",
        "rust-filehost": "rust-filehost",
        "rust-overlay": "rust-overlay",
        "sops-nix": "sops-nix",
        "unstable": "unstable"
      }
    },
    "rotate-text": {
      "flake": false,
      "locked": {
        "lastModified": 1322962747,
        "narHash": "sha256-SOeOgSlcEIsKhUiYDJv0p+mLUb420s9E2BmvZQvZ0wk=",
        "owner": "debug-ito",
        "repo": "rotate-text.el",
        "rev": "48f193697db996855aee1ad2bc99b38c6646fe76",
        "type": "github"
      },
      "original": {
        "owner": "debug-ito",
        "repo": "rotate-text.el",
        "type": "github"
      }
    },
    "rust-filehost": {
      "inputs": {
        "naersk": [
          "naersk"
        ],
        "nixpkgs": [
          "master"
        ],
        "rust-overlay": [
          "rust-overlay"
        ],
        "utils": [
          "flake-utils"
        ]
      },
      "locked": {
        "lastModified": 1622507670,
        "narHash": "sha256-yDmuCHHjhUpk8BJev1/mr4OSEUDm7adezDvGfGvFCtU=",
        "owner": "DieracDelta",
        "repo": "filehost_rust",
        "rev": "101e40c18549efe7b8515970af81985507bdac92",
        "type": "github"
      },
      "original": {
        "owner": "DieracDelta",
        "repo": "filehost_rust",
        "type": "github"
      }
    },
    "rust-overlay": {
      "inputs": {
        "flake-utils": [
          "flake-utils"
        ],
        "nixpkgs": [
          "master"
        ]
      },
      "locked": {
        "lastModified": 1645323562,
        "narHash": "sha256-Zv1s9KKgUmxAJqwnrQeanof5wJr9Hti+7odqXnNbPcY=",
        "owner": "oxalica",
        "repo": "rust-overlay",
        "rev": "5893aa14811d0d982128e3730d1addb17754d436",
        "type": "github"
      },
      "original": {
        "owner": "oxalica",
        "repo": "rust-overlay",
        "type": "github"
      }
    },
    "rust-tools-src": {
      "flake": false,
      "locked": {
        "lastModified": 1642993162,
        "narHash": "sha256-ZlGPTDTiygtpTZAjBcPGzkycn+SMzkkiqEXeB0qIb0g=",
        "owner": "simrat39",
        "repo": "rust-tools.nvim",
        "rev": "876089969aa8ccf8784039f7d6e6b4cab6d4a2b1",
        "type": "github"
      },
      "original": {
        "owner": "simrat39",
        "repo": "rust-tools.nvim",
        "type": "github"
      }
    },
    "sops-nix": {
      "inputs": {
        "nixpkgs": [
          "master"
        ]
      },
      "locked": {
        "lastModified": 1644599065,
        "narHash": "sha256-oFLRb9p954wiUGn8iU5wOCY/7yBrT4Xvg7Ew07MvSKs=",
        "owner": "Mic92",
        "repo": "sops-nix",
        "rev": "fc22eff3205e9742c1b0fd229c267bf237f0c43e",
        "type": "github"
      },
      "original": {
        "owner": "Mic92",
        "repo": "sops-nix",
        "type": "github"
      }
    },
    "telescope-src": {
      "flake": false,
      "locked": {
        "lastModified": 1637963031,
        "narHash": "sha256-N0sa8Y9vn/2P8B7O4P/5DBlDYKDyz9uORmATg/WQewY=",
        "owner": "nvim-telescope",
        "repo": "telescope.nvim",
        "rev": "b415e862bf248d66c40e242de4a0c76c68e278f1",
        "type": "github"
      },
      "original": {
        "owner": "nvim-telescope",
        "repo": "telescope.nvim",
        "type": "github"
      }
    },
    "telescope-src_2": {
      "flake": false,
      "locked": {
        "lastModified": 1644911516,
        "narHash": "sha256-aTNioZAu8zfPsiTLxn2JrBkpmgGuJZQ88oRG6w8o3Wc=",
        "owner": "nvim-telescope",
        "repo": "telescope.nvim",
        "rev": "df0b35c8bc0944164828ccba8ea17941423c6725",
        "type": "github"
      },
      "original": {
        "owner": "nvim-telescope",
        "repo": "telescope.nvim",
        "type": "github"
      }
    },
    "telescope-ui-select-src": {
      "flake": false,
      "locked": {
        "lastModified": 1636895558,
        "narHash": "sha256-RKwoXrIWhW29kPEyQSGDg+0kcxCXPEl+U+DmuAgHhNM=",
        "owner": "nvim-telescope",
        "repo": "telescope-ui-select.nvim",
        "rev": "d02a3d3a6b3f6b933c43a28668ae18f78846d3aa",
        "type": "github"
      },
      "original": {
        "owner": "nvim-telescope",
        "repo": "telescope-ui-select.nvim",
        "type": "github"
      }
    },
    "treesitter-context": {
      "flake": false,
      "locked": {
        "lastModified": 1633409098,
        "narHash": "sha256-lPKOcmeXyjsEDjdZedxgP6oExV+839cpr9qlpiti43U=",
        "owner": "romgrk",
        "repo": "nvim-treesitter-context",
        "rev": "e1f54e1627176337b3803a11403ac0e9d09de818",
        "type": "github"
      },
      "original": {
        "owner": "romgrk",
        "repo": "nvim-treesitter-context",
        "type": "github"
      }
    },
    "unstable": {
      "locked": {
        "lastModified": 1645013224,
        "narHash": "sha256-b7OEC8vwzJv3rsz9pwnTX2LQDkeOWz2DbKypkVvNHXc=",
        "owner": "NixOS",
        "repo": "nixpkgs",
        "rev": "b66b39216b1fef2d8c33cc7a5c72d8da80b79970",
        "type": "github"
      },
      "original": {
        "owner": "NixOS",
        "ref": "nixpkgs-unstable",
        "repo": "nixpkgs",
        "type": "github"
      }
    },
    "utils": {
      "locked": {
        "lastModified": 1642700792,
        "narHash": "sha256-XqHrk7hFb+zBvRg6Ghl+AZDq03ov6OshJLiSWOoX5es=",
        "owner": "numtide",
        "repo": "flake-utils",
        "rev": "846b2ae0fc4cc943637d3d1def4454213e203cba",
        "type": "github"
      },
      "original": {
        "owner": "numtide",
        "repo": "flake-utils",
        "type": "github"
      }
    },
    "utils_2": {
      "locked": {
        "lastModified": 1629481132,
        "narHash": "sha256-JHgasjPR0/J1J3DRm4KxM4zTyAj4IOJY8vIl75v/kPI=",
        "owner": "numtide",
        "repo": "flake-utils",
        "rev": "997f7efcb746a9c140ce1f13c72263189225f482",
        "type": "github"
      },
      "original": {
        "owner": "numtide",
        "repo": "flake-utils",
        "type": "github"
      }
    },
    "utils_3": {
      "locked": {
        "lastModified": 1638122382,
        "narHash": "sha256-sQzZzAbvKEqN9s0bzWuYmRaA03v40gaJ4+iL1LXjaeI=",
        "owner": "numtide",
        "repo": "flake-utils",
        "rev": "74f7e4319258e287b0f9cb95426c9853b282730b",
        "type": "github"
      },
      "original": {
        "owner": "numtide",
        "repo": "flake-utils",
        "type": "github"
      }
    }
  },
  "root": "root",
  "version": 7
}
